// !$*UTF8*$!
{
	archiveVersion = 1;
	classes = {
	};
	objectVersion = 46;
	objects = {

/* Begin PBXBuildFile section */
		975606471B89C72B0027C875 /* AVFoundation.framework in Frameworks */ = {isa = PBXBuildFile; fileRef = 975606461B89C72B0027C875 /* AVFoundation.framework */; };
		975606511B89DFB00027C875 /* Music.mp3 in Resources */ = {isa = PBXBuildFile; fileRef = 975606501B89DFB00027C875 /* Music.mp3 */; };
		975606541B89E3BD0027C875 /* PAUSE buttons.png in Resources */ = {isa = PBXBuildFile; fileRef = 975606521B89E3BD0027C875 /* PAUSE buttons.png */; };
		975606551B89E3BD0027C875 /* play.png in Resources */ = {isa = PBXBuildFile; fileRef = 975606531B89E3BD0027C875 /* play.png */; };
		9761319A1B7AE34E00C17395 /* game3_splash.m in Sources */ = {isa = PBXBuildFile; fileRef = 976131991B7AE34E00C17395 /* game3_splash.m */; };
		9761319D1B7AE35E00C17395 /* game3.m in Sources */ = {isa = PBXBuildFile; fileRef = 9761319C1B7AE35E00C17395 /* game3.m */; };
		9761319F1B7AE8D500C17395 /* merlion.png in Resources */ = {isa = PBXBuildFile; fileRef = 9761319E1B7AE8D500C17395 /* merlion.png */; };
		976DD1341B783F6E00682AEF /* WinViewController.m in Sources */ = {isa = PBXBuildFile; fileRef = 976DD1331B783F6E00682AEF /* WinViewController.m */; };
		9771D8CB1B70E165007C8B43 /* choose_gamemode.mm in Sources */ = {isa = PBXBuildFile; fileRef = 9771D8CA1B70E165007C8B43 /* choose_gamemode.mm */; };
		9771D8CD1B70E1D3007C8B43 /* imglogo2.png in Resources */ = {isa = PBXBuildFile; fileRef = 9771D8CC1B70E1D3007C8B43 /* imglogo2.png */; };
		977425071B7F12C80024AA02 /* sgisland.png in Resources */ = {isa = PBXBuildFile; fileRef = 977425061B7F12C80024AA02 /* sgisland.png */; };
		97780B961B72311900228911 /* pastel 50 bck.png in Resources */ = {isa = PBXBuildFile; fileRef = 97780B951B72311900228911 /* pastel 50 bck.png */; };
		97780B991B723A1500228911 /* hollowdot.png in Resources */ = {isa = PBXBuildFile; fileRef = 97780B971B723A1500228911 /* hollowdot.png */; };
		97780B9A1B723A1500228911 /* soliddot.png in Resources */ = {isa = PBXBuildFile; fileRef = 97780B981B723A1500228911 /* soliddot.png */; };
		97780B9C1B723B8900228911 /* HDB_pic.jpg in Resources */ = {isa = PBXBuildFile; fileRef = 97780B9B1B723B8900228911 /* HDB_pic.jpg */; };
		97780BA51B72491E00228911 /* game1.m in Sources */ = {isa = PBXBuildFile; fileRef = 97780BA41B72491E00228911 /* game1.m */; };
		978A0B4E1B7FAE1C00F89724 /* pink.png in Resources */ = {isa = PBXBuildFile; fileRef = 978A0B4D1B7FAE1C00F89724 /* pink.png */; };
		979701031B7CA5E7004C31FB /* push_no_anim.m in Sources */ = {isa = PBXBuildFile; fileRef = 979701021B7CA5E7004C31FB /* push_no_anim.m */; };
		97DE740D1B7D8B8800F7F7B3 /* winView.m in Sources */ = {isa = PBXBuildFile; fileRef = 97DE740C1B7D8B8800F7F7B3 /* winView.m */; };
		97E5655A1B72058100B66B4C /* pastel50_v2-BACKGROUND.png in Resources */ = {isa = PBXBuildFile; fileRef = 97E565591B72058100B66B4C /* pastel50_v2-BACKGROUND.png */; };
		97E5A4A71B7896B300060468 /* blu.png in Resources */ = {isa = PBXBuildFile; fileRef = 97E5A4A61B7896B300060468 /* blu.png */; };
		97EA27D31B79EDAB00C6DD9F /* flyer.png in Resources */ = {isa = PBXBuildFile; fileRef = 97EA27D21B79EDAB00C6DD9F /* flyer.png */; };
		97EA27D51B79EE2000C6DD9F /* fullerton.png in Resources */ = {isa = PBXBuildFile; fileRef = 97EA27D41B79EE2000C6DD9F /* fullerton.png */; };
		97EB28181B70AC6000202EAE /* main.m in Sources */ = {isa = PBXBuildFile; fileRef = 97EB28171B70AC6000202EAE /* main.m */; };
		97EB281B1B70AC6000202EAE /* AppDelegate.m in Sources */ = {isa = PBXBuildFile; fileRef = 97EB281A1B70AC6000202EAE /* AppDelegate.m */; };
		97EB281E1B70AC6000202EAE /* pastel50_.xcdatamodeld in Sources */ = {isa = PBXBuildFile; fileRef = 97EB281C1B70AC6000202EAE /* pastel50_.xcdatamodeld */; };
		97EB28211B70AC6000202EAE /* ViewController.m in Sources */ = {isa = PBXBuildFile; fileRef = 97EB28201B70AC6000202EAE /* ViewController.m */; };
		97EB28241B70AC6000202EAE /* Main.storyboard in Resources */ = {isa = PBXBuildFile; fileRef = 97EB28221B70AC6000202EAE /* Main.storyboard */; };
		97EB28261B70AC6000202EAE /* Images.xcassets in Resources */ = {isa = PBXBuildFile; fileRef = 97EB28251B70AC6000202EAE /* Images.xcassets */; };
		97EB28291B70AC6000202EAE /* LaunchScreen.xib in Resources */ = {isa = PBXBuildFile; fileRef = 97EB28271B70AC6000202EAE /* LaunchScreen.xib */; };
		97EB28351B70AC6000202EAE /* pastel50_Tests.m in Sources */ = {isa = PBXBuildFile; fileRef = 97EB28341B70AC6000202EAE /* pastel50_Tests.m */; };
		97EF244D1B7873770030FE8B /* changi.png in Resources */ = {isa = PBXBuildFile; fileRef = 97EF244C1B7873770030FE8B /* changi.png */; };
		97EF24541B7886530030FE8B /* transitonto1.m in Sources */ = {isa = PBXBuildFile; fileRef = 97EF24531B7886530030FE8B /* transitonto1.m */; };
		97EF24571B7886650030FE8B /* game2.m in Sources */ = {isa = PBXBuildFile; fileRef = 97EF24561B7886650030FE8B /* game2.m */; };
		97F1A57A1B7B95A700D774D0 /* lose_view.m in Sources */ = {isa = PBXBuildFile; fileRef = 97F1A5791B7B95A700D774D0 /* lose_view.m */; };
		97F1A57D1B7B97FB00D774D0 /* Main_Menu_Launchpad.m in Sources */ = {isa = PBXBuildFile; fileRef = 97F1A57C1B7B97FB00D774D0 /* Main_Menu_Launchpad.m */; };
		97FD5E2E1B883AAB006F11E7 /* settings.m in Sources */ = {isa = PBXBuildFile; fileRef = 97FD5E2D1B883AAB006F11E7 /* settings.m */; };
		97FDC96F1B829DB500BA2A07 /* game4_splash.m in Sources */ = {isa = PBXBuildFile; fileRef = 97FDC96E1B829DB500BA2A07 /* game4_splash.m */; };
		97FDC9721B829DC400BA2A07 /* game4.m in Sources */ = {isa = PBXBuildFile; fileRef = 97FDC9711B829DC400BA2A07 /* game4.m */; };
/* End PBXBuildFile section */

/* Begin PBXContainerItemProxy section */
		97EB282F1B70AC6000202EAE /* PBXContainerItemProxy */ = {
			isa = PBXContainerItemProxy;
			containerPortal = 97EB280A1B70AC6000202EAE /* Project object */;
			proxyType = 1;
			remoteGlobalIDString = 97EB28111B70AC6000202EAE;
			remoteInfo = pastel50.;
		};
/* End PBXContainerItemProxy section */

/* Begin PBXFileReference section */
		975606461B89C72B0027C875 /* AVFoundation.framework */ = {isa = PBXFileReference; lastKnownFileType = wrapper.framework; name = AVFoundation.framework; path = System/Library/Frameworks/AVFoundation.framework; sourceTree = SDKROOT; };
		975606501B89DFB00027C875 /* Music.mp3 */ = {isa = PBXFileReference; lastKnownFileType = audio.mp3; path = Music.mp3; sourceTree = "<group>"; };
		975606521B89E3BD0027C875 /* PAUSE buttons.png */ = {isa = PBXFileReference; lastKnownFileType = image.png; path = "PAUSE buttons.png"; sourceTree = "<group>"; };
		975606531B89E3BD0027C875 /* play.png */ = {isa = PBXFileReference; lastKnownFileType = image.png; path = play.png; sourceTree = "<group>"; };
		976131981B7AE34E00C17395 /* game3_splash.h */ = {isa = PBXFileReference; fileEncoding = 4; lastKnownFileType = sourcecode.c.h; path = game3_splash.h; sourceTree = "<group>"; };
		976131991B7AE34E00C17395 /* game3_splash.m */ = {isa = PBXFileReference; fileEncoding = 4; lastKnownFileType = sourcecode.c.objc; path = game3_splash.m; sourceTree = "<group>"; };
		9761319B1B7AE35E00C17395 /* game3.h */ = {isa = PBXFileReference; fileEncoding = 4; lastKnownFileType = sourcecode.c.h; path = game3.h; sourceTree = "<group>"; };
		9761319C1B7AE35E00C17395 /* game3.m */ = {isa = PBXFileReference; fileEncoding = 4; lastKnownFileType = sourcecode.c.objc; path = game3.m; sourceTree = "<group>"; };
		9761319E1B7AE8D500C17395 /* merlion.png */ = {isa = PBXFileReference; lastKnownFileType = image.png; path = merlion.png; sourceTree = "<group>"; };
		976DD1321B783F6E00682AEF /* WinViewController.h */ = {isa = PBXFileReference; fileEncoding = 4; lastKnownFileType = sourcecode.c.h; path = WinViewController.h; sourceTree = "<group>"; };
		976DD1331B783F6E00682AEF /* WinViewController.m */ = {isa = PBXFileReference; fileEncoding = 4; lastKnownFileType = sourcecode.c.objc; path = WinViewController.m; sourceTree = "<group>"; };
		9771D8C91B70E165007C8B43 /* choose_gamemode.h */ = {isa = PBXFileReference; fileEncoding = 4; lastKnownFileType = sourcecode.c.h; path = choose_gamemode.h; sourceTree = "<group>"; };
		9771D8CA1B70E165007C8B43 /* choose_gamemode.mm */ = {isa = PBXFileReference; fileEncoding = 4; lastKnownFileType = sourcecode.cpp.objcpp; path = choose_gamemode.mm; sourceTree = "<group>"; };
		9771D8CC1B70E1D3007C8B43 /* imglogo2.png */ = {isa = PBXFileReference; lastKnownFileType = image.png; path = imglogo2.png; sourceTree = "<group>"; };
		977425061B7F12C80024AA02 /* sgisland.png */ = {isa = PBXFileReference; lastKnownFileType = image.png; path = sgisland.png; sourceTree = "<group>"; };
		97780B951B72311900228911 /* pastel 50 bck.png */ = {isa = PBXFileReference; lastKnownFileType = image.png; path = "pastel 50 bck.png"; sourceTree = "<group>"; };
		97780B971B723A1500228911 /* hollowdot.png */ = {isa = PBXFileReference; lastKnownFileType = image.png; path = hollowdot.png; sourceTree = "<group>"; };
		97780B981B723A1500228911 /* soliddot.png */ = {isa = PBXFileReference; lastKnownFileType = image.png; path = soliddot.png; sourceTree = "<group>"; };
		97780B9B1B723B8900228911 /* HDB_pic.jpg */ = {isa = PBXFileReference; lastKnownFileType = image.jpeg; path = HDB_pic.jpg; sourceTree = "<group>"; };
		97780BA31B72491E00228911 /* game1.h */ = {isa = PBXFileReference; fileEncoding = 4; lastKnownFileType = sourcecode.c.h; path = game1.h; sourceTree = "<group>"; };
		97780BA41B72491E00228911 /* game1.m */ = {isa = PBXFileReference; fileEncoding = 4; lastKnownFileType = sourcecode.c.objc; path = game1.m; sourceTree = "<group>"; };
		978A0B4D1B7FAE1C00F89724 /* pink.png */ = {isa = PBXFileReference; lastKnownFileType = image.png; path = pink.png; sourceTree = "<group>"; };
		979701011B7CA5E7004C31FB /* push_no_anim.h */ = {isa = PBXFileReference; fileEncoding = 4; lastKnownFileType = sourcecode.c.h; path = push_no_anim.h; sourceTree = "<group>"; };
		979701021B7CA5E7004C31FB /* push_no_anim.m */ = {isa = PBXFileReference; fileEncoding = 4; lastKnownFileType = sourcecode.c.objc; path = push_no_anim.m; sourceTree = "<group>"; };
		97DE740B1B7D8B8800F7F7B3 /* winView.h */ = {isa = PBXFileReference; fileEncoding = 4; lastKnownFileType = sourcecode.c.h; path = winView.h; sourceTree = "<group>"; };
		97DE740C1B7D8B8800F7F7B3 /* winView.m */ = {isa = PBXFileReference; fileEncoding = 4; lastKnownFileType = sourcecode.c.objc; path = winView.m; sourceTree = "<group>"; };
		97E565591B72058100B66B4C /* pastel50_v2-BACKGROUND.png */ = {isa = PBXFileReference; lastKnownFileType = image.png; path = "pastel50_v2-BACKGROUND.png"; sourceTree = "<group>"; };
		97E5A4A61B7896B300060468 /* blu.png */ = {isa = PBXFileReference; lastKnownFileType = image.png; path = blu.png; sourceTree = "<group>"; };
		97EA27D21B79EDAB00C6DD9F /* flyer.png */ = {isa = PBXFileReference; lastKnownFileType = image.png; path = flyer.png; sourceTree = "<group>"; };
		97EA27D41B79EE2000C6DD9F /* fullerton.png */ = {isa = PBXFileReference; lastKnownFileType = image.png; path = fullerton.png; sourceTree = "<group>"; };
		97EB28121B70AC6000202EAE /* pastel50..app */ = {isa = PBXFileReference; explicitFileType = wrapper.application; includeInIndex = 0; path = pastel50..app; sourceTree = BUILT_PRODUCTS_DIR; };
		97EB28161B70AC6000202EAE /* Info.plist */ = {isa = PBXFileReference; lastKnownFileType = text.plist.xml; path = Info.plist; sourceTree = "<group>"; };
		97EB28171B70AC6000202EAE /* main.m */ = {isa = PBXFileReference; lastKnownFileType = sourcecode.c.objc; path = main.m; sourceTree = "<group>"; };
		97EB28191B70AC6000202EAE /* AppDelegate.h */ = {isa = PBXFileReference; lastKnownFileType = sourcecode.c.h; path = AppDelegate.h; sourceTree = "<group>"; };
		97EB281A1B70AC6000202EAE /* AppDelegate.m */ = {isa = PBXFileReference; lastKnownFileType = sourcecode.c.objc; path = AppDelegate.m; sourceTree = "<group>"; };
		97EB281D1B70AC6000202EAE /* pastel50_.xcdatamodel */ = {isa = PBXFileReference; lastKnownFileType = wrapper.xcdatamodel; path = pastel50_.xcdatamodel; sourceTree = "<group>"; };
		97EB281F1B70AC6000202EAE /* ViewController.h */ = {isa = PBXFileReference; lastKnownFileType = sourcecode.c.h; path = ViewController.h; sourceTree = "<group>"; };
		97EB28201B70AC6000202EAE /* ViewController.m */ = {isa = PBXFileReference; lastKnownFileType = sourcecode.c.objc; path = ViewController.m; sourceTree = "<group>"; };
		97EB28231B70AC6000202EAE /* Base */ = {isa = PBXFileReference; lastKnownFileType = file.storyboard; name = Base; path = Base.lproj/Main.storyboard; sourceTree = "<group>"; };
		97EB28251B70AC6000202EAE /* Images.xcassets */ = {isa = PBXFileReference; lastKnownFileType = folder.assetcatalog; path = Images.xcassets; sourceTree = "<group>"; };
		97EB28281B70AC6000202EAE /* Base */ = {isa = PBXFileReference; lastKnownFileType = file.xib; name = Base; path = Base.lproj/LaunchScreen.xib; sourceTree = "<group>"; };
		97EB282E1B70AC6000202EAE /* pastel50.Tests.xctest */ = {isa = PBXFileReference; explicitFileType = wrapper.cfbundle; includeInIndex = 0; path = pastel50.Tests.xctest; sourceTree = BUILT_PRODUCTS_DIR; };
		97EB28331B70AC6000202EAE /* Info.plist */ = {isa = PBXFileReference; lastKnownFileType = text.plist.xml; path = Info.plist; sourceTree = "<group>"; };
		97EB28341B70AC6000202EAE /* pastel50_Tests.m */ = {isa = PBXFileReference; lastKnownFileType = sourcecode.c.objc; path = pastel50_Tests.m; sourceTree = "<group>"; };
		97EF244C1B7873770030FE8B /* changi.png */ = {isa = PBXFileReference; lastKnownFileType = image.png; path = changi.png; sourceTree = "<group>"; };
		97EF24521B7886530030FE8B /* transitonto1.h */ = {isa = PBXFileReference; fileEncoding = 4; lastKnownFileType = sourcecode.c.h; path = transitonto1.h; sourceTree = "<group>"; };
		97EF24531B7886530030FE8B /* transitonto1.m */ = {isa = PBXFileReference; fileEncoding = 4; lastKnownFileType = sourcecode.c.objc; path = transitonto1.m; sourceTree = "<group>"; };
		97EF24551B7886650030FE8B /* game2.h */ = {isa = PBXFileReference; fileEncoding = 4; lastKnownFileType = sourcecode.c.h; path = game2.h; sourceTree = "<group>"; };
		97EF24561B7886650030FE8B /* game2.m */ = {isa = PBXFileReference; fileEncoding = 4; lastKnownFileType = sourcecode.c.objc; path = game2.m; sourceTree = "<group>"; };
		97F1A5781B7B95A700D774D0 /* lose_view.h */ = {isa = PBXFileReference; fileEncoding = 4; lastKnownFileType = sourcecode.c.h; path = lose_view.h; sourceTree = "<group>"; };
		97F1A5791B7B95A700D774D0 /* lose_view.m */ = {isa = PBXFileReference; fileEncoding = 4; lastKnownFileType = sourcecode.c.objc; path = lose_view.m; sourceTree = "<group>"; };
		97F1A57B1B7B97FB00D774D0 /* Main_Menu_Launchpad.h */ = {isa = PBXFileReference; fileEncoding = 4; lastKnownFileType = sourcecode.c.h; path = Main_Menu_Launchpad.h; sourceTree = "<group>"; };
		97F1A57C1B7B97FB00D774D0 /* Main_Menu_Launchpad.m */ = {isa = PBXFileReference; fileEncoding = 4; lastKnownFileType = sourcecode.c.objc; path = Main_Menu_Launchpad.m; sourceTree = "<group>"; };
		97FD5E2C1B883AAB006F11E7 /* settings.h */ = {isa = PBXFileReference; fileEncoding = 4; lastKnownFileType = sourcecode.c.h; path = settings.h; sourceTree = "<group>"; };
		97FD5E2D1B883AAB006F11E7 /* settings.m */ = {isa = PBXFileReference; fileEncoding = 4; lastKnownFileType = sourcecode.c.objc; path = settings.m; sourceTree = "<group>"; };
		97FDC96D1B829DB500BA2A07 /* game4_splash.h */ = {isa = PBXFileReference; fileEncoding = 4; lastKnownFileType = sourcecode.c.h; path = game4_splash.h; sourceTree = "<group>"; };
		97FDC96E1B829DB500BA2A07 /* game4_splash.m */ = {isa = PBXFileReference; fileEncoding = 4; lastKnownFileType = sourcecode.c.objc; path = game4_splash.m; sourceTree = "<group>"; };
		97FDC9701B829DC400BA2A07 /* game4.h */ = {isa = PBXFileReference; fileEncoding = 4; lastKnownFileType = sourcecode.c.h; path = game4.h; sourceTree = "<group>"; };
		97FDC9711B829DC400BA2A07 /* game4.m */ = {isa = PBXFileReference; fileEncoding = 4; lastKnownFileType = sourcecode.c.objc; path = game4.m; sourceTree = "<group>"; };
/* End PBXFileReference section */

/* Begin PBXFrameworksBuildPhase section */
		97EB280F1B70AC6000202EAE /* Frameworks */ = {
			isa = PBXFrameworksBuildPhase;
			buildActionMask = 2147483647;
			files = (
				975606471B89C72B0027C875 /* AVFoundation.framework in Frameworks */,
			);
			runOnlyForDeploymentPostprocessing = 0;
		};
		97EB282B1B70AC6000202EAE /* Frameworks */ = {
			isa = PBXFrameworksBuildPhase;
			buildActionMask = 2147483647;
			files = (
			);
			runOnlyForDeploymentPostprocessing = 0;
		};
/* End PBXFrameworksBuildPhase section */

/* Begin PBXGroup section */
		97780B9F1B7246CB00228911 /* game VCs */ = {
			isa = PBXGroup;
			children = (
				97EF24521B7886530030FE8B /* transitonto1.h */,
				97EF24531B7886530030FE8B /* transitonto1.m */,
				97780BA31B72491E00228911 /* game1.h */,
				97780BA41B72491E00228911 /* game1.m */,
				976DD1321B783F6E00682AEF /* WinViewController.h */,
				976DD1331B783F6E00682AEF /* WinViewController.m */,
				97EF24551B7886650030FE8B /* game2.h */,
				97EF24561B7886650030FE8B /* game2.m */,
				976131981B7AE34E00C17395 /* game3_splash.h */,
				976131991B7AE34E00C17395 /* game3_splash.m */,
				9761319B1B7AE35E00C17395 /* game3.h */,
				9761319C1B7AE35E00C17395 /* game3.m */,
				97FDC96D1B829DB500BA2A07 /* game4_splash.h */,
				97FDC96E1B829DB500BA2A07 /* game4_splash.m */,
				97FDC9701B829DC400BA2A07 /* game4.h */,
				97FDC9711B829DC400BA2A07 /* game4.m */,
			);
			name = "game VCs";
			sourceTree = "<group>";
		};
		97E5A4A81B7896C400060468 /* dots */ = {
			isa = PBXGroup;
			children = (
				97780B971B723A1500228911 /* hollowdot.png */,
				978A0B4D1B7FAE1C00F89724 /* pink.png */,
				97E5A4A61B7896B300060468 /* blu.png */,
				97780B981B723A1500228911 /* soliddot.png */,
			);
			name = dots;
			sourceTree = "<group>";
		};
		97E5A4A91B7896DB00060468 /* backs */ = {
			isa = PBXGroup;
			children = (
				97EA27D21B79EDAB00C6DD9F /* flyer.png */,
				9761319E1B7AE8D500C17395 /* merlion.png */,
				977425061B7F12C80024AA02 /* sgisland.png */,
				97780B951B72311900228911 /* pastel 50 bck.png */,
				97EF244C1B7873770030FE8B /* changi.png */,
			);
			name = backs;
			sourceTree = "<group>";
		};
		97EB28091B70AC6000202EAE = {
			isa = PBXGroup;
			children = (
				975606461B89C72B0027C875 /* AVFoundation.framework */,
				97EB28141B70AC6000202EAE /* pastel50. */,
				97EB28311B70AC6000202EAE /* pastel50.Tests */,
				97EB28131B70AC6000202EAE /* Products */,
			);
			sourceTree = "<group>";
		};
		97EB28131B70AC6000202EAE /* Products */ = {
			isa = PBXGroup;
			children = (
				97EB28121B70AC6000202EAE /* pastel50..app */,
				97EB282E1B70AC6000202EAE /* pastel50.Tests.xctest */,
			);
			name = Products;
			sourceTree = "<group>";
		};
		97EB28141B70AC6000202EAE /* pastel50. */ = {
			isa = PBXGroup;
			children = (
				97EB283F1B70AEE700202EAE /* image_res */,
				97780B9F1B7246CB00228911 /* game VCs */,
				97EB283E1B70AC9E00202EAE /* GameMain */,
				97EB28191B70AC6000202EAE /* AppDelegate.h */,
				97EB281A1B70AC6000202EAE /* AppDelegate.m */,
				97EB28221B70AC6000202EAE /* Main.storyboard */,
				97EB28251B70AC6000202EAE /* Images.xcassets */,
				97EB28271B70AC6000202EAE /* LaunchScreen.xib */,
				97EB281C1B70AC6000202EAE /* pastel50_.xcdatamodeld */,
				97EB28151B70AC6000202EAE /* Supporting Files */,
				97F1A5781B7B95A700D774D0 /* lose_view.h */,
				97F1A5791B7B95A700D774D0 /* lose_view.m */,
				97DE740B1B7D8B8800F7F7B3 /* winView.h */,
				97DE740C1B7D8B8800F7F7B3 /* winView.m */,
				979701011B7CA5E7004C31FB /* push_no_anim.h */,
				979701021B7CA5E7004C31FB /* push_no_anim.m */,
				97FD5E2C1B883AAB006F11E7 /* settings.h */,
				97FD5E2D1B883AAB006F11E7 /* settings.m */,
			);
			path = pastel50.;
			sourceTree = "<group>";
		};
		97EB28151B70AC6000202EAE /* Supporting Files */ = {
			isa = PBXGroup;
			children = (
				975606501B89DFB00027C875 /* Music.mp3 */,
				97EB28161B70AC6000202EAE /* Info.plist */,
				97EB28171B70AC6000202EAE /* main.m */,
			);
			name = "Supporting Files";
			sourceTree = "<group>";
		};
		97EB28311B70AC6000202EAE /* pastel50.Tests */ = {
			isa = PBXGroup;
			children = (
				97EB28341B70AC6000202EAE /* pastel50_Tests.m */,
				97EB28321B70AC6000202EAE /* Supporting Files */,
			);
			path = pastel50.Tests;
			sourceTree = "<group>";
		};
		97EB28321B70AC6000202EAE /* Supporting Files */ = {
			isa = PBXGroup;
			children = (
				97EB28331B70AC6000202EAE /* Info.plist */,
			);
			name = "Supporting Files";
			sourceTree = "<group>";
		};
		97EB283E1B70AC9E00202EAE /* GameMain */ = {
			isa = PBXGroup;
			children = (
				97EB281F1B70AC6000202EAE /* ViewController.h */,
				97EB28201B70AC6000202EAE /* ViewController.m */,
				9771D8C91B70E165007C8B43 /* choose_gamemode.h */,
				9771D8CA1B70E165007C8B43 /* choose_gamemode.mm */,
				97F1A57B1B7B97FB00D774D0 /* Main_Menu_Launchpad.h */,
				97F1A57C1B7B97FB00D774D0 /* Main_Menu_Launchpad.m */,
			);
			name = GameMain;
			sourceTree = "<group>";
		};
		97EB283F1B70AEE700202EAE /* image_res */ = {
			isa = PBXGroup;
			children = (
				975606521B89E3BD0027C875 /* PAUSE buttons.png */,
				975606531B89E3BD0027C875 /* play.png */,
				97E5A4A91B7896DB00060468 /* backs */,
				97E5A4A81B7896C400060468 /* dots */,
				97E565591B72058100B66B4C /* pastel50_v2-BACKGROUND.png */,
				97780B9B1B723B8900228911 /* HDB_pic.jpg */,
				97EA27D41B79EE2000C6DD9F /* fullerton.png */,
				9771D8CC1B70E1D3007C8B43 /* imglogo2.png */,
			);
			name = image_res;
			sourceTree = "<group>";
		};
/* End PBXGroup section */

/* Begin PBXNativeTarget section */
		97EB28111B70AC6000202EAE /* pastel50. */ = {
			isa = PBXNativeTarget;
			buildConfigurationList = 97EB28381B70AC6000202EAE /* Build configuration list for PBXNativeTarget "pastel50." */;
			buildPhases = (
				97EB280E1B70AC6000202EAE /* Sources */,
				97EB280F1B70AC6000202EAE /* Frameworks */,
				97EB28101B70AC6000202EAE /* Resources */,
			);
			buildRules = (
			);
			dependencies = (
			);
			name = pastel50.;
			productName = pastel50.;
			productReference = 97EB28121B70AC6000202EAE /* pastel50..app */;
			productType = "com.apple.product-type.application";
		};
		97EB282D1B70AC6000202EAE /* pastel50.Tests */ = {
			isa = PBXNativeTarget;
			buildConfigurationList = 97EB283B1B70AC6000202EAE /* Build configuration list for PBXNativeTarget "pastel50.Tests" */;
			buildPhases = (
				97EB282A1B70AC6000202EAE /* Sources */,
				97EB282B1B70AC6000202EAE /* Frameworks */,
				97EB282C1B70AC6000202EAE /* Resources */,
			);
			buildRules = (
			);
			dependencies = (
				97EB28301B70AC6000202EAE /* PBXTargetDependency */,
			);
			name = pastel50.Tests;
			productName = pastel50.Tests;
			productReference = 97EB282E1B70AC6000202EAE /* pastel50.Tests.xctest */;
			productType = "com.apple.product-type.bundle.unit-test";
		};
/* End PBXNativeTarget section */

/* Begin PBXProject section */
		97EB280A1B70AC6000202EAE /* Project object */ = {
			isa = PBXProject;
			attributes = {
				LastUpgradeCheck = 0640;
				ORGANIZATIONNAME = Tangent.inc;
				TargetAttributes = {
					97EB28111B70AC6000202EAE = {
						CreatedOnToolsVersion = 6.4;
						DevelopmentTeam = 7K6ZTDFM48;
					};
					97EB282D1B70AC6000202EAE = {
						CreatedOnToolsVersion = 6.4;
						TestTargetID = 97EB28111B70AC6000202EAE;
					};
				};
			};
			buildConfigurationList = 97EB280D1B70AC6000202EAE /* Build configuration list for PBXProject "pastel50." */;
			compatibilityVersion = "Xcode 3.2";
			developmentRegion = English;
			hasScannedForEncodings = 0;
			knownRegions = (
				en,
				Base,
			);
			mainGroup = 97EB28091B70AC6000202EAE;
			productRefGroup = 97EB28131B70AC6000202EAE /* Products */;
			projectDirPath = "";
			projectRoot = "";
			targets = (
				97EB28111B70AC6000202EAE /* pastel50. */,
				97EB282D1B70AC6000202EAE /* pastel50.Tests */,
			);
		};
/* End PBXProject section */

/* Begin PBXResourcesBuildPhase section */
		97EB28101B70AC6000202EAE /* Resources */ = {
			isa = PBXResourcesBuildPhase;
			buildActionMask = 2147483647;
			files = (
				97780B991B723A1500228911 /* hollowdot.png in Resources */,
				97780B9A1B723A1500228911 /* soliddot.png in Resources */,
				97EB28241B70AC6000202EAE /* Main.storyboard in Resources */,
				97E5655A1B72058100B66B4C /* pastel50_v2-BACKGROUND.png in Resources */,
				97E5A4A71B7896B300060468 /* blu.png in Resources */,
				97780B9C1B723B8900228911 /* HDB_pic.jpg in Resources */,
				97EA27D31B79EDAB00C6DD9F /* flyer.png in Resources */,
				97EF244D1B7873770030FE8B /* changi.png in Resources */,
				975606511B89DFB00027C875 /* Music.mp3 in Resources */,
				975606541B89E3BD0027C875 /* PAUSE buttons.png in Resources */,
				9761319F1B7AE8D500C17395 /* merlion.png in Resources */,
				97780B961B72311900228911 /* pastel 50 bck.png in Resources */,
				975606551B89E3BD0027C875 /* play.png in Resources */,
				977425071B7F12C80024AA02 /* sgisland.png in Resources */,
				97EB28291B70AC6000202EAE /* LaunchScreen.xib in Resources */,
				97EA27D51B79EE2000C6DD9F /* fullerton.png in Resources */,
				978A0B4E1B7FAE1C00F89724 /* pink.png in Resources */,
				97EB28261B70AC6000202EAE /* Images.xcassets in Resources */,
				9771D8CD1B70E1D3007C8B43 /* imglogo2.png in Resources */,
			);
			runOnlyForDeploymentPostprocessing = 0;
		};
		97EB282C1B70AC6000202EAE /* Resources */ = {
			isa = PBXResourcesBuildPhase;
			buildActionMask = 2147483647;
			files = (
			);
			runOnlyForDeploymentPostprocessing = 0;
		};
/* End PBXResourcesBuildPhase section */

/* Begin PBXSourcesBuildPhase section */
		97EB280E1B70AC6000202EAE /* Sources */ = {
			isa = PBXSourcesBuildPhase;
			buildActionMask = 2147483647;
			files = (
				97EB281B1B70AC6000202EAE /* AppDelegate.m in Sources */,
				97FDC96F1B829DB500BA2A07 /* game4_splash.m in Sources */,
				976DD1341B783F6E00682AEF /* WinViewController.m in Sources */,
				97EB28181B70AC6000202EAE /* main.m in Sources */,
				97FD5E2E1B883AAB006F11E7 /* settings.m in Sources */,
				97EF24571B7886650030FE8B /* game2.m in Sources */,
				97DE740D1B7D8B8800F7F7B3 /* winView.m in Sources */,
				9771D8CB1B70E165007C8B43 /* choose_gamemode.mm in Sources */,
				97FDC9721B829DC400BA2A07 /* game4.m in Sources */,
				97780BA51B72491E00228911 /* game1.m in Sources */,
				9761319A1B7AE34E00C17395 /* game3_splash.m in Sources */,
				979701031B7CA5E7004C31FB /* push_no_anim.m in Sources */,
				97F1A57D1B7B97FB00D774D0 /* Main_Menu_Launchpad.m in Sources */,
				97EB28211B70AC6000202EAE /* ViewController.m in Sources */,
				97EB281E1B70AC6000202EAE /* pastel50_.xcdatamodeld in Sources */,
				9761319D1B7AE35E00C17395 /* game3.m in Sources */,
				97EF24541B7886530030FE8B /* transitonto1.m in Sources */,
				97F1A57A1B7B95A700D774D0 /* lose_view.m in Sources */,
			);
			runOnlyForDeploymentPostprocessing = 0;
		};
		97EB282A1B70AC6000202EAE /* Sources */ = {
			isa = PBXSourcesBuildPhase;
			buildActionMask = 2147483647;
			files = (
				97EB28351B70AC6000202EAE /* pastel50_Tests.m in Sources */,
			);
			runOnlyForDeploymentPostprocessing = 0;
		};
/* End PBXSourcesBuildPhase section */

/* Begin PBXTargetDependency section */
		97EB28301B70AC6000202EAE /* PBXTargetDependency */ = {
			isa = PBXTargetDependency;
			target = 97EB28111B70AC6000202EAE /* pastel50. */;
			targetProxy = 97EB282F1B70AC6000202EAE /* PBXContainerItemProxy */;
		};
/* End PBXTargetDependency section */

/* Begin PBXVariantGroup section */
		97EB28221B70AC6000202EAE /* Main.storyboard */ = {
			isa = PBXVariantGroup;
			children = (
				97EB28231B70AC6000202EAE /* Base */,
			);
			name = Main.storyboard;
			sourceTree = "<group>";
		};
		97EB28271B70AC6000202EAE /* LaunchScreen.xib */ = {
			isa = PBXVariantGroup;
			children = (
				97EB28281B70AC6000202EAE /* Base */,
			);
			name = LaunchScreen.xib;
			sourceTree = "<group>";
		};
/* End PBXVariantGroup section */

/* Begin XCBuildConfiguration section */
		97EB28361B70AC6000202EAE /* Debug */ = {
			isa = XCBuildConfiguration;
			buildSettings = {
				ALWAYS_SEARCH_USER_PATHS = NO;
				CLANG_CXX_LANGUAGE_STANDARD = "gnu++0x";
				CLANG_CXX_LIBRARY = "libc++";
				CLANG_ENABLE_MODULES = YES;
				CLANG_ENABLE_OBJC_ARC = YES;
				CLANG_WARN_BOOL_CONVERSION = YES;
				CLANG_WARN_CONSTANT_CONVERSION = YES;
				CLANG_WARN_DIRECT_OBJC_ISA_USAGE = YES_ERROR;
				CLANG_WARN_EMPTY_BODY = YES;
				CLANG_WARN_ENUM_CONVERSION = YES;
				CLANG_WARN_INT_CONVERSION = YES;
				CLANG_WARN_OBJC_ROOT_CLASS = YES_ERROR;
				CLANG_WARN_UNREACHABLE_CODE = YES;
				CLANG_WARN__DUPLICATE_METHOD_MATCH = YES;
				"CODE_SIGN_IDENTITY[sdk=iphoneos*]" = "iPhone Developer";
				COPY_PHASE_STRIP = NO;
				DEBUG_INFORMATION_FORMAT = "dwarf-with-dsym";
				ENABLE_STRICT_OBJC_MSGSEND = YES;
				GCC_C_LANGUAGE_STANDARD = gnu99;
				GCC_DYNAMIC_NO_PIC = NO;
				GCC_NO_COMMON_BLOCKS = YES;
				GCC_OPTIMIZATION_LEVEL = 0;
				GCC_PREPROCESSOR_DEFINITIONS = (
					"DEBUG=1",
					"$(inherited)",
				);
				GCC_SYMBOLS_PRIVATE_EXTERN = NO;
				GCC_WARN_64_TO_32_BIT_CONVERSION = YES;
				GCC_WARN_ABOUT_RETURN_TYPE = YES_ERROR;
				GCC_WARN_UNDECLARED_SELECTOR = YES;
				GCC_WARN_UNINITIALIZED_AUTOS = YES_AGGRESSIVE;
				GCC_WARN_UNUSED_FUNCTION = YES;
				GCC_WARN_UNUSED_VARIABLE = YES;
				IPHONEOS_DEPLOYMENT_TARGET = 8.4;
				MTL_ENABLE_DEBUG_INFO = YES;
				ONLY_ACTIVE_ARCH = YES;
				SDKROOT = iphoneos;
			};
			name = Debug;
		};
		97EB28371B70AC6000202EAE /* Release */ = {
			isa = XCBuildConfiguration;
			buildSettings = {
				ALWAYS_SEARCH_USER_PATHS = NO;
				CLANG_CXX_LANGUAGE_STANDARD = "gnu++0x";
				CLANG_CXX_LIBRARY = "libc++";
				CLANG_ENABLE_MODULES = YES;
				CLANG_ENABLE_OBJC_ARC = YES;
				CLANG_WARN_BOOL_CONVERSION = YES;
				CLANG_WARN_CONSTANT_CONVERSION = YES;
				CLANG_WARN_DIRECT_OBJC_ISA_USAGE = YES_ERROR;
				CLANG_WARN_EMPTY_BODY = YES;
				CLANG_WARN_ENUM_CONVERSION = YES;
				CLANG_WARN_INT_CONVERSION = YES;
				CLANG_WARN_OBJC_ROOT_CLASS = YES_ERROR;
				CLANG_WARN_UNREACHABLE_CODE = YES;
				CLANG_WARN__DUPLICATE_METHOD_MATCH = YES;
				"CODE_SIGN_IDENTITY[sdk=iphoneos*]" = "iPhone Developer";
				COPY_PHASE_STRIP = NO;
				DEBUG_INFORMATION_FORMAT = "dwarf-with-dsym";
				ENABLE_NS_ASSERTIONS = NO;
				ENABLE_STRICT_OBJC_MSGSEND = YES;
				GCC_C_LANGUAGE_STANDARD = gnu99;
				GCC_NO_COMMON_BLOCKS = YES;
				GCC_WARN_64_TO_32_BIT_CONVERSION = YES;
				GCC_WARN_ABOUT_RETURN_TYPE = YES_ERROR;
				GCC_WARN_UNDECLARED_SELECTOR = YES;
				GCC_WARN_UNINITIALIZED_AUTOS = YES_AGGRESSIVE;
				GCC_WARN_UNUSED_FUNCTION = YES;
				GCC_WARN_UNUSED_VARIABLE = YES;
				IPHONEOS_DEPLOYMENT_TARGET = 8.4;
				MTL_ENABLE_DEBUG_INFO = NO;
				SDKROOT = iphoneos;
				VALIDATE_PRODUCT = YES;
			};
			name = Release;
		};
		97EB28391B70AC6000202EAE /* Debug */ = {
			isa = XCBuildConfiguration;
			buildSettings = {
				ASSETCATALOG_COMPILER_APPICON_NAME = AppIcon;
				CODE_SIGN_IDENTITY = "iPhone Developer";
				INFOPLIST_FILE = pastel50./Info.plist;
				LD_RUNPATH_SEARCH_PATHS = "$(inherited) @executable_path/Frameworks";
				PRODUCT_NAME = "$(TARGET_NAME)";
				TARGETED_DEVICE_FAMILY = "1,2";
			};
			name = Debug;
		};
		97EB283A1B70AC6000202EAE /* Release */ = {
			isa = XCBuildConfiguration;
			buildSettings = {
				ASSETCATALOG_COMPILER_APPICON_NAME = AppIcon;
				CODE_SIGN_IDENTITY = "iPhone Developer";
				INFOPLIST_FILE = pastel50./Info.plist;
				LD_RUNPATH_SEARCH_PATHS = "$(inherited) @executable_path/Frameworks";
				PRODUCT_NAME = "$(TARGET_NAME)";
				TARGETED_DEVICE_FAMILY = "1,2";
			};
			name = Release;
		};
		97EB283C1B70AC6000202EAE /* Debug */ = {
			isa = XCBuildConfiguration;
			buildSettings = {
				BUNDLE_LOADER = "$(TEST_HOST)";
				FRAMEWORK_SEARCH_PATHS = (
					"$(SDKROOT)/Developer/Library/Frameworks",
					"$(inherited)",
				);
				GCC_PREPROCESSOR_DEFINITIONS = (
					"DEBUG=1",
					"$(inherited)",
				);
				INFOPLIST_FILE = pastel50.Tests/Info.plist;
				LD_RUNPATH_SEARCH_PATHS = "$(inherited) @executable_path/Frameworks @loader_path/Frameworks";
				PRODUCT_NAME = "$(TARGET_NAME)";
				TEST_HOST = "$(BUILT_PRODUCTS_DIR)/pastel50..app/pastel50.";
			};
			name = Debug;
		};
		97EB283D1B70AC6000202EAE /* Release */ = {
			isa = XCBuildConfiguration;
			buildSettings = {
				BUNDLE_LOADER = "$(TEST_HOST)";
				FRAMEWORK_SEARCH_PATHS = (
					"$(SDKROOT)/Developer/Library/Frameworks",
					"$(inherited)",
				);
				INFOPLIST_FILE = pastel50.Tests/Info.plist;
				LD_RUNPATH_SEARCH_PATHS = "$(inherited) @executable_path/Frameworks @loader_path/Frameworks";
				PRODUCT_NAME = "$(TARGET_NAME)";
				TEST_HOST = "$(BUILT_PRODUCTS_DIR)/pastel50..app/pastel50.";
			};
			name = Release;
		};
/* End XCBuildConfiguration section */

/* Begin XCConfigurationList section */
		97EB280D1B70AC6000202EAE /* Build configuration list for PBXProject "pastel50." */ = {
			isa = XCConfigurationList;
			buildConfigurations = (
				97EB28361B70AC6000202EAE /* Debug */,
				97EB28371B70AC6000202EAE /* Release */,
			);
			defaultConfigurationIsVisible = 0;
			defaultConfigurationName = Release;
		};
		97EB28381B70AC6000202EAE /* Build configuration list for PBXNativeTarget "pastel50." */ = {
			isa = XCConfigurationList;
			buildConfigurations = (
				97EB28391B70AC6000202EAE /* Debug */,
				97EB283A1B70AC6000202EAE /* Release */,
			);
			defaultConfigurationIsVisible = 0;
			defaultConfigurationName = Release;
		};
		97EB283B1B70AC6000202EAE /* Build configuration list for PBXNativeTarget "pastel50.Tests" */ = {
			isa = XCConfigurationList;
			buildConfigurations = (
				97EB283C1B70AC6000202EAE /* Debug */,
				97EB283D1B70AC6000202EAE /* Release */,
			);
			defaultConfigurationIsVisible = 0;
			defaultConfigurationName = Release;
		};
/* End XCConfigurationList section */

/* Begin XCVersionGroup section */
		97EB281C1B70AC6000202EAE /* pastel50_.xcdatamodeld */ = {
			isa = XCVersionGroup;
			children = (
				97EB281D1B70AC6000202EAE /* pastel50_.xcdatamodel */,
			);
			currentVersion = 97EB281D1B70AC6000202EAE /* pastel50_.xcdatamodel */;
			path = pastel50_.xcdatamodeld;
			sourceTree = "<group>";
			versionGroupType = wrapper.xcdatamodel;
		};
/* End XCVersionGroup section */
	};
	rootObject = 97EB280A1B70AC6000202EAE /* Project object */;
}
